// !$*UTF8*$!
{
	archiveVersion = 1;
	classes = {
	};
	objectVersion = 46;
	objects = {

/* Begin PBXBuildFile section */
		C62BC33A1FCD218900A345BD /* UIAlertController+Window.m in Sources */ = {isa = PBXBuildFile; fileRef = C62BC31C1FCD218800A345BD /* UIAlertController+Window.m */; };
		C62BC33B1FCD218900A345BD /* NSMutableArray+Convenience.m in Sources */ = {isa = PBXBuildFile; fileRef = C62BC31F1FCD218800A345BD /* NSMutableArray+Convenience.m */; };
		C62BC33C1FCD218900A345BD /* DeleteActionTextField.m in Sources */ = {isa = PBXBuildFile; fileRef = C62BC3221FCD218800A345BD /* DeleteActionTextField.m */; };
		C62BC33D1FCD218900A345BD /* UITextField+Utility.m in Sources */ = {isa = PBXBuildFile; fileRef = C62BC3241FCD218800A345BD /* UITextField+Utility.m */; };
		C62BC33E1FCD218900A345BD /* UIButton+DynamicFontSize.m in Sources */ = {isa = PBXBuildFile; fileRef = C62BC3271FCD218800A345BD /* UIButton+DynamicFontSize.m */; };
		C62BC33F1FCD218900A345BD /* UILabel+DynamicFontSize.m in Sources */ = {isa = PBXBuildFile; fileRef = C62BC32A1FCD218800A345BD /* UILabel+DynamicFontSize.m */; };
		C62BC3401FCD218900A345BD /* NSDictionary+DPJSONString.m in Sources */ = {isa = PBXBuildFile; fileRef = C62BC32D1FCD218800A345BD /* NSDictionary+DPJSONString.m */; };
		C62BC3411FCD218900A345BD /* UIPlaceHolderTextView.m in Sources */ = {isa = PBXBuildFile; fileRef = C62BC3301FCD218900A345BD /* UIPlaceHolderTextView.m */; };
		C62BC3421FCD218900A345BD /* UIViewController+StatusBarStyle.m in Sources */ = {isa = PBXBuildFile; fileRef = C62BC3331FCD218900A345BD /* UIViewController+StatusBarStyle.m */; };
		C62BC3431FCD218900A345BD /* NSArray+DPJSONString.m in Sources */ = {isa = PBXBuildFile; fileRef = C62BC3361FCD218900A345BD /* NSArray+DPJSONString.m */; };
		C62BC3441FCD218900A345BD /* UIView+Utility.m in Sources */ = {isa = PBXBuildFile; fileRef = C62BC3391FCD218900A345BD /* UIView+Utility.m */; };
		C66A721A1F00D6E20076DB95 /* main.m in Sources */ = {isa = PBXBuildFile; fileRef = C66A72191F00D6E20076DB95 /* main.m */; };
		C66A721D1F00D6E20076DB95 /* AppDelegate.m in Sources */ = {isa = PBXBuildFile; fileRef = C66A721C1F00D6E20076DB95 /* AppDelegate.m */; };
		C66A72201F00D6E20076DB95 /* ViewController.m in Sources */ = {isa = PBXBuildFile; fileRef = C66A721F1F00D6E20076DB95 /* ViewController.m */; };
		C66A72231F00D6E20076DB95 /* Main.storyboard in Resources */ = {isa = PBXBuildFile; fileRef = C66A72211F00D6E20076DB95 /* Main.storyboard */; };
		C66A72251F00D6E20076DB95 /* Assets.xcassets in Resources */ = {isa = PBXBuildFile; fileRef = C66A72241F00D6E20076DB95 /* Assets.xcassets */; };
		C66A72281F00D6E30076DB95 /* LaunchScreen.storyboard in Resources */ = {isa = PBXBuildFile; fileRef = C66A72261F00D6E30076DB95 /* LaunchScreen.storyboard */; };
		C6CF43822060E50200A32F8A /* NSString+Utility.m in Sources */ = {isa = PBXBuildFile; fileRef = C6CF43812060E50200A32F8A /* NSString+Utility.m */; };
		C6CF43862060E7EF00A32F8A /* NSDate+Utility.m in Sources */ = {isa = PBXBuildFile; fileRef = C6CF43852060E7EF00A32F8A /* NSDate+Utility.m */; };
		C6CF438A2060EE9B00A32F8A /* UIColor+Utility.m in Sources */ = {isa = PBXBuildFile; fileRef = C6CF43892060EE9B00A32F8A /* UIColor+Utility.m */; };
		C6CF43912060EFDB00A32F8A /* UIImage+Utility.m in Sources */ = {isa = PBXBuildFile; fileRef = C6CF43902060EFDB00A32F8A /* UIImage+Utility.m */; };
/* End PBXBuildFile section */

/* Begin PBXFileReference section */
		C62BC31B1FCD218800A345BD /* UIAlertController+Window.h */ = {isa = PBXFileReference; fileEncoding = 4; lastKnownFileType = sourcecode.c.h; path = "UIAlertController+Window.h"; sourceTree = "<group>"; };
		C62BC31C1FCD218800A345BD /* UIAlertController+Window.m */ = {isa = PBXFileReference; fileEncoding = 4; lastKnownFileType = sourcecode.c.objc; path = "UIAlertController+Window.m"; sourceTree = "<group>"; };
		C62BC31E1FCD218800A345BD /* NSMutableArray+Convenience.h */ = {isa = PBXFileReference; fileEncoding = 4; lastKnownFileType = sourcecode.c.h; path = "NSMutableArray+Convenience.h"; sourceTree = "<group>"; };
		C62BC31F1FCD218800A345BD /* NSMutableArray+Convenience.m */ = {isa = PBXFileReference; fileEncoding = 4; lastKnownFileType = sourcecode.c.objc; path = "NSMutableArray+Convenience.m"; sourceTree = "<group>"; };
		C62BC3211FCD218800A345BD /* DeleteActionTextField.h */ = {isa = PBXFileReference; fileEncoding = 4; lastKnownFileType = sourcecode.c.h; path = DeleteActionTextField.h; sourceTree = "<group>"; };
		C62BC3221FCD218800A345BD /* DeleteActionTextField.m */ = {isa = PBXFileReference; fileEncoding = 4; lastKnownFileType = sourcecode.c.objc; path = DeleteActionTextField.m; sourceTree = "<group>"; };
		C62BC3231FCD218800A345BD /* UITextField+Utility.h */ = {isa = PBXFileReference; fileEncoding = 4; lastKnownFileType = sourcecode.c.h; path = "UITextField+Utility.h"; sourceTree = "<group>"; };
		C62BC3241FCD218800A345BD /* UITextField+Utility.m */ = {isa = PBXFileReference; fileEncoding = 4; lastKnownFileType = sourcecode.c.objc; path = "UITextField+Utility.m"; sourceTree = "<group>"; };
		C62BC3261FCD218800A345BD /* UIButton+DynamicFontSize.h */ = {isa = PBXFileReference; fileEncoding = 4; lastKnownFileType = sourcecode.c.h; path = "UIButton+DynamicFontSize.h"; sourceTree = "<group>"; };
		C62BC3271FCD218800A345BD /* UIButton+DynamicFontSize.m */ = {isa = PBXFileReference; fileEncoding = 4; lastKnownFileType = sourcecode.c.objc; path = "UIButton+DynamicFontSize.m"; sourceTree = "<group>"; };
		C62BC3291FCD218800A345BD /* UILabel+DynamicFontSize.h */ = {isa = PBXFileReference; fileEncoding = 4; lastKnownFileType = sourcecode.c.h; path = "UILabel+DynamicFontSize.h"; sourceTree = "<group>"; };
		C62BC32A1FCD218800A345BD /* UILabel+DynamicFontSize.m */ = {isa = PBXFileReference; fileEncoding = 4; lastKnownFileType = sourcecode.c.objc; path = "UILabel+DynamicFontSize.m"; sourceTree = "<group>"; };
		C62BC32C1FCD218800A345BD /* NSDictionary+DPJSONString.h */ = {isa = PBXFileReference; fileEncoding = 4; lastKnownFileType = sourcecode.c.h; path = "NSDictionary+DPJSONString.h"; sourceTree = "<group>"; };
		C62BC32D1FCD218800A345BD /* NSDictionary+DPJSONString.m */ = {isa = PBXFileReference; fileEncoding = 4; lastKnownFileType = sourcecode.c.objc; path = "NSDictionary+DPJSONString.m"; sourceTree = "<group>"; };
		C62BC32F1FCD218900A345BD /* UIPlaceHolderTextView.h */ = {isa = PBXFileReference; fileEncoding = 4; lastKnownFileType = sourcecode.c.h; path = UIPlaceHolderTextView.h; sourceTree = "<group>"; };
		C62BC3301FCD218900A345BD /* UIPlaceHolderTextView.m */ = {isa = PBXFileReference; fileEncoding = 4; lastKnownFileType = sourcecode.c.objc; path = UIPlaceHolderTextView.m; sourceTree = "<group>"; };
		C62BC3321FCD218900A345BD /* UIViewController+StatusBarStyle.h */ = {isa = PBXFileReference; fileEncoding = 4; lastKnownFileType = sourcecode.c.h; path = "UIViewController+StatusBarStyle.h"; sourceTree = "<group>"; };
		C62BC3331FCD218900A345BD /* UIViewController+StatusBarStyle.m */ = {isa = PBXFileReference; fileEncoding = 4; lastKnownFileType = sourcecode.c.objc; path = "UIViewController+StatusBarStyle.m"; sourceTree = "<group>"; };
		C62BC3351FCD218900A345BD /* NSArray+DPJSONString.h */ = {isa = PBXFileReference; fileEncoding = 4; lastKnownFileType = sourcecode.c.h; path = "NSArray+DPJSONString.h"; sourceTree = "<group>"; };
		C62BC3361FCD218900A345BD /* NSArray+DPJSONString.m */ = {isa = PBXFileReference; fileEncoding = 4; lastKnownFileType = sourcecode.c.objc; path = "NSArray+DPJSONString.m"; sourceTree = "<group>"; };
		C62BC3381FCD218900A345BD /* UIView+Utility.h */ = {isa = PBXFileReference; fileEncoding = 4; lastKnownFileType = sourcecode.c.h; path = "UIView+Utility.h"; sourceTree = "<group>"; };
		C62BC3391FCD218900A345BD /* UIView+Utility.m */ = {isa = PBXFileReference; fileEncoding = 4; lastKnownFileType = sourcecode.c.objc; path = "UIView+Utility.m"; sourceTree = "<group>"; };
		C66A72151F00D6E20076DB95 /* IBInspectableCategoryClassDemo.app */ = {isa = PBXFileReference; explicitFileType = wrapper.application; includeInIndex = 0; path = IBInspectableCategoryClassDemo.app; sourceTree = BUILT_PRODUCTS_DIR; };
		C66A72191F00D6E20076DB95 /* main.m */ = {isa = PBXFileReference; lastKnownFileType = sourcecode.c.objc; path = main.m; sourceTree = "<group>"; };
		C66A721B1F00D6E20076DB95 /* AppDelegate.h */ = {isa = PBXFileReference; lastKnownFileType = sourcecode.c.h; path = AppDelegate.h; sourceTree = "<group>"; };
		C66A721C1F00D6E20076DB95 /* AppDelegate.m */ = {isa = PBXFileReference; lastKnownFileType = sourcecode.c.objc; path = AppDelegate.m; sourceTree = "<group>"; };
		C66A721E1F00D6E20076DB95 /* ViewController.h */ = {isa = PBXFileReference; lastKnownFileType = sourcecode.c.h; path = ViewController.h; sourceTree = "<group>"; };
		C66A721F1F00D6E20076DB95 /* ViewController.m */ = {isa = PBXFileReference; lastKnownFileType = sourcecode.c.objc; path = ViewController.m; sourceTree = "<group>"; };
		C66A72221F00D6E20076DB95 /* Base */ = {isa = PBXFileReference; lastKnownFileType = file.storyboard; name = Base; path = Base.lproj/Main.storyboard; sourceTree = "<group>"; };
		C66A72241F00D6E20076DB95 /* Assets.xcassets */ = {isa = PBXFileReference; lastKnownFileType = folder.assetcatalog; path = Assets.xcassets; sourceTree = "<group>"; };
		C66A72271F00D6E30076DB95 /* Base */ = {isa = PBXFileReference; lastKnownFileType = file.storyboard; name = Base; path = Base.lproj/LaunchScreen.storyboard; sourceTree = "<group>"; };
		C66A72291F00D6E30076DB95 /* Info.plist */ = {isa = PBXFileReference; lastKnownFileType = text.plist.xml; path = Info.plist; sourceTree = "<group>"; };
		C6CF43802060E50200A32F8A /* NSString+Utility.h */ = {isa = PBXFileReference; lastKnownFileType = sourcecode.c.h; path = "NSString+Utility.h"; sourceTree = "<group>"; };
		C6CF43812060E50200A32F8A /* NSString+Utility.m */ = {isa = PBXFileReference; lastKnownFileType = sourcecode.c.objc; path = "NSString+Utility.m"; sourceTree = "<group>"; };
		C6CF43842060E7EF00A32F8A /* NSDate+Utility.h */ = {isa = PBXFileReference; lastKnownFileType = sourcecode.c.h; path = "NSDate+Utility.h"; sourceTree = "<group>"; };
		C6CF43852060E7EF00A32F8A /* NSDate+Utility.m */ = {isa = PBXFileReference; lastKnownFileType = sourcecode.c.objc; path = "NSDate+Utility.m"; sourceTree = "<group>"; };
		C6CF43882060EE9B00A32F8A /* UIColor+Utility.h */ = {isa = PBXFileReference; lastKnownFileType = sourcecode.c.h; path = "UIColor+Utility.h"; sourceTree = "<group>"; };
		C6CF43892060EE9B00A32F8A /* UIColor+Utility.m */ = {isa = PBXFileReference; lastKnownFileType = sourcecode.c.objc; path = "UIColor+Utility.m"; sourceTree = "<group>"; };
		C6CF438F2060EFDB00A32F8A /* UIImage+Utility.h */ = {isa = PBXFileReference; lastKnownFileType = sourcecode.c.h; path = "UIImage+Utility.h"; sourceTree = "<group>"; };
		C6CF43902060EFDB00A32F8A /* UIImage+Utility.m */ = {isa = PBXFileReference; lastKnownFileType = sourcecode.c.objc; path = "UIImage+Utility.m"; sourceTree = "<group>"; };
/* End PBXFileReference section */

/* Begin PBXFrameworksBuildPhase section */
		C66A72121F00D6E20076DB95 /* Frameworks */ = {
			isa = PBXFrameworksBuildPhase;
			buildActionMask = 2147483647;
			files = (
			);
			runOnlyForDeploymentPostprocessing = 0;
		};
/* End PBXFrameworksBuildPhase section */

/* Begin PBXGroup section */
		C62BC31A1FCD218800A345BD /* UIAlertViewController */ = {
			isa = PBXGroup;
			children = (
				C62BC31B1FCD218800A345BD /* UIAlertController+Window.h */,
				C62BC31C1FCD218800A345BD /* UIAlertController+Window.m */,
			);
			path = UIAlertViewController;
			sourceTree = "<group>";
		};
		C62BC31D1FCD218800A345BD /* NSMutableArray */ = {
			isa = PBXGroup;
			children = (
				C62BC31E1FCD218800A345BD /* NSMutableArray+Convenience.h */,
				C62BC31F1FCD218800A345BD /* NSMutableArray+Convenience.m */,
			);
			path = NSMutableArray;
			sourceTree = "<group>";
		};
		C62BC3201FCD218800A345BD /* UITextField */ = {
			isa = PBXGroup;
			children = (
				C62BC3231FCD218800A345BD /* UITextField+Utility.h */,
				C62BC3241FCD218800A345BD /* UITextField+Utility.m */,
			);
			path = UITextField;
			sourceTree = "<group>";
		};
		C62BC3251FCD218800A345BD /* UIButton */ = {
			isa = PBXGroup;
			children = (
				C62BC3261FCD218800A345BD /* UIButton+DynamicFontSize.h */,
				C62BC3271FCD218800A345BD /* UIButton+DynamicFontSize.m */,
			);
			path = UIButton;
			sourceTree = "<group>";
		};
		C62BC3281FCD218800A345BD /* UILable */ = {
			isa = PBXGroup;
			children = (
				C62BC3291FCD218800A345BD /* UILabel+DynamicFontSize.h */,
				C62BC32A1FCD218800A345BD /* UILabel+DynamicFontSize.m */,
			);
			path = UILable;
			sourceTree = "<group>";
		};
		C62BC32B1FCD218800A345BD /* NSDictionary */ = {
			isa = PBXGroup;
			children = (
				C62BC32C1FCD218800A345BD /* NSDictionary+DPJSONString.h */,
				C62BC32D1FCD218800A345BD /* NSDictionary+DPJSONString.m */,
			);
			path = NSDictionary;
			sourceTree = "<group>";
		};
		C62BC32E1FCD218900A345BD /* UIPlaceHolder */ = {
			isa = PBXGroup;
			children = (
				C62BC32F1FCD218900A345BD /* UIPlaceHolderTextView.h */,
				C62BC3301FCD218900A345BD /* UIPlaceHolderTextView.m */,
			);
			path = UIPlaceHolder;
			sourceTree = "<group>";
		};
		C62BC3311FCD218900A345BD /* UIViewController */ = {
			isa = PBXGroup;
			children = (
				C62BC3321FCD218900A345BD /* UIViewController+StatusBarStyle.h */,
				C62BC3331FCD218900A345BD /* UIViewController+StatusBarStyle.m */,
			);
			path = UIViewController;
			sourceTree = "<group>";
		};
		C62BC3341FCD218900A345BD /* NSArray */ = {
			isa = PBXGroup;
			children = (
				C62BC3351FCD218900A345BD /* NSArray+DPJSONString.h */,
				C62BC3361FCD218900A345BD /* NSArray+DPJSONString.m */,
			);
			path = NSArray;
			sourceTree = "<group>";
		};
		C62BC3371FCD218900A345BD /* UIView */ = {
			isa = PBXGroup;
			children = (
				C62BC3381FCD218900A345BD /* UIView+Utility.h */,
				C62BC3391FCD218900A345BD /* UIView+Utility.m */,
			);
			path = UIView;
			sourceTree = "<group>";
		};
		C62BC3451FCD24B600A345BD /* UITextField */ = {
			isa = PBXGroup;
			children = (
				C62BC3211FCD218800A345BD /* DeleteActionTextField.h */,
				C62BC3221FCD218800A345BD /* DeleteActionTextField.m */,
			);
			name = UITextField;
			path = "New Group";
			sourceTree = "<group>";
		};
		C62BC3471FCD251200A345BD /* CategoryClass */ = {
			isa = PBXGroup;
			children = (
				C6CF438B2060EFA800A32F8A /* UIImage */,
				C6CF43872060EE7000A32F8A /* UIColor */,
				C6CF43832060E7CE00A32F8A /* NSDate */,
				C6CF437F2060E4CA00A32F8A /* NSString */,
				C62BC3341FCD218900A345BD /* NSArray */,
				C62BC32B1FCD218800A345BD /* NSDictionary */,
				C62BC31D1FCD218800A345BD /* NSMutableArray */,
				C62BC31A1FCD218800A345BD /* UIAlertViewController */,
				C62BC3311FCD218900A345BD /* UIViewController */,
			);
			path = CategoryClass;
			sourceTree = "<group>";
		};
		C66A720C1F00D6E10076DB95 = {
			isa = PBXGroup;
			children = (
				C66A72171F00D6E20076DB95 /* IBInspectableCategoryClassDemo */,
				C66A72161F00D6E20076DB95 /* Products */,
			);
			sourceTree = "<group>";
		};
		C66A72161F00D6E20076DB95 /* Products */ = {
			isa = PBXGroup;
			children = (
				C66A72151F00D6E20076DB95 /* IBInspectableCategoryClassDemo.app */,
			);
			name = Products;
			sourceTree = "<group>";
		};
		C66A72171F00D6E20076DB95 /* IBInspectableCategoryClassDemo */ = {
			isa = PBXGroup;
			children = (
				C66A722F1F00D6FB0076DB95 /* IBInspectableCategoryClass */,
				C66A72361F00D72B0076DB95 /* IBDesignableClass */,
				C62BC3471FCD251200A345BD /* CategoryClass */,
				C66A721B1F00D6E20076DB95 /* AppDelegate.h */,
				C66A721C1F00D6E20076DB95 /* AppDelegate.m */,
				C66A721E1F00D6E20076DB95 /* ViewController.h */,
				C66A721F1F00D6E20076DB95 /* ViewController.m */,
				C66A72211F00D6E20076DB95 /* Main.storyboard */,
				C66A72241F00D6E20076DB95 /* Assets.xcassets */,
				C66A72261F00D6E30076DB95 /* LaunchScreen.storyboard */,
				C66A72291F00D6E30076DB95 /* Info.plist */,
				C66A72181F00D6E20076DB95 /* Supporting Files */,
			);
			path = IBInspectableCategoryClassDemo;
			sourceTree = "<group>";
		};
		C66A72181F00D6E20076DB95 /* Supporting Files */ = {
			isa = PBXGroup;
			children = (
				C66A72191F00D6E20076DB95 /* main.m */,
			);
			name = "Supporting Files";
			sourceTree = "<group>";
		};
		C66A722F1F00D6FB0076DB95 /* IBInspectableCategoryClass */ = {
			isa = PBXGroup;
			children = (
				C62BC3371FCD218900A345BD /* UIView */,
				C62BC3281FCD218800A345BD /* UILable */,
				C62BC3251FCD218800A345BD /* UIButton */,
				C62BC3201FCD218800A345BD /* UITextField */,
			);
			name = IBInspectableCategoryClass;
			sourceTree = "<group>";
		};
		C66A72361F00D72B0076DB95 /* IBDesignableClass */ = {
			isa = PBXGroup;
			children = (
				C62BC3451FCD24B600A345BD /* UITextField */,
				C62BC32E1FCD218900A345BD /* UIPlaceHolder */,
			);
			name = IBDesignableClass;
			sourceTree = "<group>";
		};
		C6CF437F2060E4CA00A32F8A /* NSString */ = {
			isa = PBXGroup;
			children = (
				C6CF43802060E50200A32F8A /* NSString+Utility.h */,
				C6CF43812060E50200A32F8A /* NSString+Utility.m */,
			);
			path = NSString;
			sourceTree = "<group>";
		};
		C6CF43832060E7CE00A32F8A /* NSDate */ = {
			isa = PBXGroup;
			children = (
				C6CF43842060E7EF00A32F8A /* NSDate+Utility.h */,
				C6CF43852060E7EF00A32F8A /* NSDate+Utility.m */,
			);
			path = NSDate;
			sourceTree = "<group>";
		};
		C6CF43872060EE7000A32F8A /* UIColor */ = {
			isa = PBXGroup;
			children = (
				C6CF43882060EE9B00A32F8A /* UIColor+Utility.h */,
				C6CF43892060EE9B00A32F8A /* UIColor+Utility.m */,
			);
			path = UIColor;
			sourceTree = "<group>";
		};
		C6CF438B2060EFA800A32F8A /* UIImage */ = {
			isa = PBXGroup;
			children = (
				C6CF438F2060EFDB00A32F8A /* UIImage+Utility.h */,
				C6CF43902060EFDB00A32F8A /* UIImage+Utility.m */,
			);
			path = UIImage;
			sourceTree = "<group>";
		};
/* End PBXGroup section */

/* Begin PBXNativeTarget section */
		C66A72141F00D6E20076DB95 /* IBInspectableCategoryClassDemo */ = {
			isa = PBXNativeTarget;
			buildConfigurationList = C66A722C1F00D6E30076DB95 /* Build configuration list for PBXNativeTarget "IBInspectableCategoryClassDemo" */;
			buildPhases = (
				C66A72111F00D6E20076DB95 /* Sources */,
				C66A72121F00D6E20076DB95 /* Frameworks */,
				C66A72131F00D6E20076DB95 /* Resources */,
			);
			buildRules = (
			);
			dependencies = (
			);
			name = IBInspectableCategoryClassDemo;
			productName = IBInspectableCategoryClassDemo;
			productReference = C66A72151F00D6E20076DB95 /* IBInspectableCategoryClassDemo.app */;
			productType = "com.apple.product-type.application";
		};
/* End PBXNativeTarget section */

/* Begin PBXProject section */
		C66A720D1F00D6E20076DB95 /* Project object */ = {
			isa = PBXProject;
			attributes = {
				LastUpgradeCheck = 1100;
				ORGANIZATIONNAME = datt;
				TargetAttributes = {
					C66A72141F00D6E20076DB95 = {
						CreatedOnToolsVersion = 8.2;
						ProvisioningStyle = Manual;
					};
				};
			};
			buildConfigurationList = C66A72101F00D6E20076DB95 /* Build configuration list for PBXProject "IBInspectableCategoryClassDemo" */;
			compatibilityVersion = "Xcode 3.2";
			developmentRegion = en;
			hasScannedForEncodings = 0;
			knownRegions = (
				en,
				Base,
			);
			mainGroup = C66A720C1F00D6E10076DB95;
			productRefGroup = C66A72161F00D6E20076DB95 /* Products */;
			projectDirPath = "";
			projectRoot = "";
			targets = (
				C66A72141F00D6E20076DB95 /* IBInspectableCategoryClassDemo */,
			);
		};
/* End PBXProject section */

/* Begin PBXResourcesBuildPhase section */
		C66A72131F00D6E20076DB95 /* Resources */ = {
			isa = PBXResourcesBuildPhase;
			buildActionMask = 2147483647;
			files = (
				C66A72281F00D6E30076DB95 /* LaunchScreen.storyboard in Resources */,
				C66A72251F00D6E20076DB95 /* Assets.xcassets in Resources */,
				C66A72231F00D6E20076DB95 /* Main.storyboard in Resources */,
			);
			runOnlyForDeploymentPostprocessing = 0;
		};
/* End PBXResourcesBuildPhase section */

/* Begin PBXSourcesBuildPhase section */
		C66A72111F00D6E20076DB95 /* Sources */ = {
			isa = PBXSourcesBuildPhase;
			buildActionMask = 2147483647;
			files = (
				C62BC33D1FCD218900A345BD /* UITextField+Utility.m in Sources */,
				C62BC3401FCD218900A345BD /* NSDictionary+DPJSONString.m in Sources */,
				C62BC33E1FCD218900A345BD /* UIButton+DynamicFontSize.m in Sources */,
				C66A72201F00D6E20076DB95 /* ViewController.m in Sources */,
				C66A721D1F00D6E20076DB95 /* AppDelegate.m in Sources */,
				C62BC3441FCD218900A345BD /* UIView+Utility.m in Sources */,
				C62BC33A1FCD218900A345BD /* UIAlertController+Window.m in Sources */,
				C62BC33F1FCD218900A345BD /* UILabel+DynamicFontSize.m in Sources */,
				C6CF438A2060EE9B00A32F8A /* UIColor+Utility.m in Sources */,
				C62BC33C1FCD218900A345BD /* DeleteActionTextField.m in Sources */,
				C6CF43862060E7EF00A32F8A /* NSDate+Utility.m in Sources */,
				C62BC3431FCD218900A345BD /* NSArray+DPJSONString.m in Sources */,
				C62BC3411FCD218900A345BD /* UIPlaceHolderTextView.m in Sources */,
				C66A721A1F00D6E20076DB95 /* main.m in Sources */,
				C62BC3421FCD218900A345BD /* UIViewController+StatusBarStyle.m in Sources */,
				C6CF43822060E50200A32F8A /* NSString+Utility.m in Sources */,
				C6CF43912060EFDB00A32F8A /* UIImage+Utility.m in Sources */,
				C62BC33B1FCD218900A345BD /* NSMutableArray+Convenience.m in Sources */,
			);
			runOnlyForDeploymentPostprocessing = 0;
		};
/* End PBXSourcesBuildPhase section */

/* Begin PBXVariantGroup section */
		C66A72211F00D6E20076DB95 /* Main.storyboard */ = {
			isa = PBXVariantGroup;
			children = (
				C66A72221F00D6E20076DB95 /* Base */,
			);
			name = Main.storyboard;
			sourceTree = "<group>";
		};
		C66A72261F00D6E30076DB95 /* LaunchScreen.storyboard */ = {
			isa = PBXVariantGroup;
			children = (
				C66A72271F00D6E30076DB95 /* Base */,
			);
			name = LaunchScreen.storyboard;
			sourceTree = "<group>";
		};
/* End PBXVariantGroup section */

/* Begin XCBuildConfiguration section */
		C66A722A1F00D6E30076DB95 /* Debug */ = {
			isa = XCBuildConfiguration;
			buildSettings = {
				ALWAYS_SEARCH_USER_PATHS = NO;
				CLANG_ANALYZER_LOCALIZABILITY_NONLOCALIZED = YES;
				CLANG_ANALYZER_NONNULL = YES;
				CLANG_CXX_LANGUAGE_STANDARD = "gnu++0x";
				CLANG_CXX_LIBRARY = "libc++";
				CLANG_ENABLE_MODULES = YES;
				CLANG_ENABLE_OBJC_ARC = YES;
				CLANG_WARN_BLOCK_CAPTURE_AUTORELEASING = YES;
				CLANG_WARN_BOOL_CONVERSION = YES;
				CLANG_WARN_COMMA = YES;
				CLANG_WARN_CONSTANT_CONVERSION = YES;
				CLANG_WARN_DEPRECATED_OBJC_IMPLEMENTATIONS = YES;
				CLANG_WARN_DIRECT_OBJC_ISA_USAGE = YES_ERROR;
				CLANG_WARN_DOCUMENTATION_COMMENTS = YES;
				CLANG_WARN_EMPTY_BODY = YES;
				CLANG_WARN_ENUM_CONVERSION = YES;
				CLANG_WARN_INFINITE_RECURSION = YES;
				CLANG_WARN_INT_CONVERSION = YES;
				CLANG_WARN_NON_LITERAL_NULL_CONVERSION = YES;
				CLANG_WARN_OBJC_IMPLICIT_RETAIN_SELF = YES;
				CLANG_WARN_OBJC_LITERAL_CONVERSION = YES;
				CLANG_WARN_OBJC_ROOT_CLASS = YES_ERROR;
				CLANG_WARN_RANGE_LOOP_ANALYSIS = YES;
				CLANG_WARN_STRICT_PROTOTYPES = YES;
				CLANG_WARN_SUSPICIOUS_MOVE = YES;
				CLANG_WARN_UNREACHABLE_CODE = YES;
				CLANG_WARN__DUPLICATE_METHOD_MATCH = YES;
				"CODE_SIGN_IDENTITY[sdk=iphoneos*]" = "iPhone Developer";
				COPY_PHASE_STRIP = NO;
				DEBUG_INFORMATION_FORMAT = dwarf;
				ENABLE_STRICT_OBJC_MSGSEND = YES;
				ENABLE_TESTABILITY = YES;
				GCC_C_LANGUAGE_STANDARD = gnu99;
				GCC_DYNAMIC_NO_PIC = NO;
				GCC_NO_COMMON_BLOCKS = YES;
				GCC_OPTIMIZATION_LEVEL = 0;
				GCC_PREPROCESSOR_DEFINITIONS = (
					"DEBUG=1",
					"$(inherited)",
				);
				GCC_WARN_64_TO_32_BIT_CONVERSION = YES;
				GCC_WARN_ABOUT_RETURN_TYPE = YES_ERROR;
				GCC_WARN_UNDECLARED_SELECTOR = YES;
				GCC_WARN_UNINITIALIZED_AUTOS = YES_AGGRESSIVE;
				GCC_WARN_UNUSED_FUNCTION = YES;
				GCC_WARN_UNUSED_VARIABLE = YES;
				IPHONEOS_DEPLOYMENT_TARGET = 10.2;
				MTL_ENABLE_DEBUG_INFO = YES;
				ONLY_ACTIVE_ARCH = YES;
				SDKROOT = iphoneos;
			};
			name = Debug;
		};
		C66A722B1F00D6E30076DB95 /* Release */ = {
			isa = XCBuildConfiguration;
			buildSettings = {
				ALWAYS_SEARCH_USER_PATHS = NO;
				CLANG_ANALYZER_LOCALIZABILITY_NONLOCALIZED = YES;
				CLANG_ANALYZER_NONNULL = YES;
				CLANG_CXX_LANGUAGE_STANDARD = "gnu++0x";
				CLANG_CXX_LIBRARY = "libc++";
				CLANG_ENABLE_MODULES = YES;
				CLANG_ENABLE_OBJC_ARC = YES;
				CLANG_WARN_BLOCK_CAPTURE_AUTORELEASING = YES;
				CLANG_WARN_BOOL_CONVERSION = YES;
				CLANG_WARN_COMMA = YES;
				CLANG_WARN_CONSTANT_CONVERSION = YES;
				CLANG_WARN_DEPRECATED_OBJC_IMPLEMENTATIONS = YES;
				CLANG_WARN_DIRECT_OBJC_ISA_USAGE = YES_ERROR;
				CLANG_WARN_DOCUMENTATION_COMMENTS = YES;
				CLANG_WARN_EMPTY_BODY = YES;
				CLANG_WARN_ENUM_CONVERSION = YES;
				CLANG_WARN_INFINITE_RECURSION = YES;
				CLANG_WARN_INT_CONVERSION = YES;
				CLANG_WARN_NON_LITERAL_NULL_CONVERSION = YES;
				CLANG_WARN_OBJC_IMPLICIT_RETAIN_SELF = YES;
				CLANG_WARN_OBJC_LITERAL_CONVERSION = YES;
				CLANG_WARN_OBJC_ROOT_CLASS = YES_ERROR;
				CLANG_WARN_RANGE_LOOP_ANALYSIS = YES;
				CLANG_WARN_STRICT_PROTOTYPES = YES;
				CLANG_WARN_SUSPICIOUS_MOVE = YES;
				CLANG_WARN_UNREACHABLE_CODE = YES;
				CLANG_WARN__DUPLICATE_METHOD_MATCH = YES;
				"CODE_SIGN_IDENTITY[sdk=iphoneos*]" = "iPhone Developer";
				COPY_PHASE_STRIP = NO;
				DEBUG_INFORMATION_FORMAT = "dwarf-with-dsym";
				ENABLE_NS_ASSERTIONS = NO;
				ENABLE_STRICT_OBJC_MSGSEND = YES;
				GCC_C_LANGUAGE_STANDARD = gnu99;
				GCC_NO_COMMON_BLOCKS = YES;
				GCC_WARN_64_TO_32_BIT_CONVERSION = YES;
				GCC_WARN_ABOUT_RETURN_TYPE = YES_ERROR;
				GCC_WARN_UNDECLARED_SELECTOR = YES;
				GCC_WARN_UNINITIALIZED_AUTOS = YES_AGGRESSIVE;
				GCC_WARN_UNUSED_FUNCTION = YES;
				GCC_WARN_UNUSED_VARIABLE = YES;
				IPHONEOS_DEPLOYMENT_TARGET = 10.2;
				MTL_ENABLE_DEBUG_INFO = NO;
				SDKROOT = iphoneos;
				VALIDATE_PRODUCT = YES;
			};
			name = Release;
		};
		C66A722D1F00D6E30076DB95 /* Debug */ = {
			isa = XCBuildConfiguration;
			buildSettings = {
				ASSETCATALOG_COMPILER_APPICON_NAME = AppIcon;
				DEVELOPMENT_TEAM = "";
				INFOPLIST_FILE = IBInspectableCategoryClassDemo/Info.plist;
				LD_RUNPATH_SEARCH_PATHS = "$(inherited) @executable_path/Frameworks";
				PRODUCT_BUNDLE_IDENTIFIER = com.datt.IBInspectableCategoryClassDemo;
				PRODUCT_NAME = "$(TARGET_NAME)";
			};
			name = Debug;
		};
		C66A722E1F00D6E30076DB95 /* Release */ = {
			isa = XCBuildConfiguration;
			buildSettings = {
				ASSETCATALOG_COMPILER_APPICON_NAME = AppIcon;
				DEVELOPMENT_TEAM = "";
				INFOPLIST_FILE = IBInspectableCategoryClassDemo/Info.plist;
				LD_RUNPATH_SEARCH_PATHS = "$(inherited) @executable_path/Frameworks";
				PRODUCT_BUNDLE_IDENTIFIER = com.datt.IBInspectableCategoryClassDemo;
				PRODUCT_NAME = "$(TARGET_NAME)";
			};
			name = Release;
		};
/* End XCBuildConfiguration section */

/* Begin XCConfigurationList section */
		C66A72101F00D6E20076DB95 /* Build configuration list for PBXProject "IBInspectableCategoryClassDemo" */ = {
			isa = XCConfigurationList;
			buildConfigurations = (
				C66A722A1F00D6E30076DB95 /* Debug */,
				C66A722B1F00D6E30076DB95 /* Release */,
			);
			defaultConfigurationIsVisible = 0;
			defaultConfigurationName = Release;
		};
		C66A722C1F00D6E30076DB95 /* Build configuration list for PBXNativeTarget "IBInspectableCategoryClassDemo" */ = {
			isa = XCConfigurationList;
			buildConfigurations = (
				C66A722D1F00D6E30076DB95 /* Debug */,
				C66A722E1F00D6E30076DB95 /* Release */,
			);
			defaultConfigurationIsVisible = 0;
			defaultConfigurationName = Release;
		};
/* End XCConfigurationList section */
	};
	rootObject = C66A720D1F00D6E20076DB95 /* Project object */;
}
