// !$*UTF8*$!
{
	archiveVersion = 1;
	classes = {
	};
	objectVersion = 46;
	objects = {

/* Begin PBXBuildFile section */
		C66A721A1F00D6E20076DB95 /* main.m in Sources */ = {isa = PBXBuildFile; fileRef = C66A72191F00D6E20076DB95 /* main.m */; };
		C66A721D1F00D6E20076DB95 /* AppDelegate.m in Sources */ = {isa = PBXBuildFile; fileRef = C66A721C1F00D6E20076DB95 /* AppDelegate.m */; };
		C66A72201F00D6E20076DB95 /* ViewController.m in Sources */ = {isa = PBXBuildFile; fileRef = C66A721F1F00D6E20076DB95 /* ViewController.m */; };
		C66A72231F00D6E20076DB95 /* Main.storyboard in Resources */ = {isa = PBXBuildFile; fileRef = C66A72211F00D6E20076DB95 /* Main.storyboard */; };
		C66A72251F00D6E20076DB95 /* Assets.xcassets in Resources */ = {isa = PBXBuildFile; fileRef = C66A72241F00D6E20076DB95 /* Assets.xcassets */; };
		C66A72281F00D6E30076DB95 /* LaunchScreen.storyboard in Resources */ = {isa = PBXBuildFile; fileRef = C66A72261F00D6E30076DB95 /* LaunchScreen.storyboard */; };
		C66A72341F00D7200076DB95 /* UITextField+Utility.m in Sources */ = {isa = PBXBuildFile; fileRef = C66A72311F00D7200076DB95 /* UITextField+Utility.m */; };
		C66A72351F00D7200076DB95 /* UIView+Utility.m in Sources */ = {isa = PBXBuildFile; fileRef = C66A72331F00D7200076DB95 /* UIView+Utility.m */; };
		C66A72391F00D7660076DB95 /* UIPlaceHolderTextView.m in Sources */ = {isa = PBXBuildFile; fileRef = C66A72381F00D7660076DB95 /* UIPlaceHolderTextView.m */; };
/* End PBXBuildFile section */

/* Begin PBXFileReference section */
		C66A72151F00D6E20076DB95 /* IBInspectableCategoryClassDemo.app */ = {isa = PBXFileReference; explicitFileType = wrapper.application; includeInIndex = 0; path = IBInspectableCategoryClassDemo.app; sourceTree = BUILT_PRODUCTS_DIR; };
		C66A72191F00D6E20076DB95 /* main.m */ = {isa = PBXFileReference; lastKnownFileType = sourcecode.c.objc; path = main.m; sourceTree = "<group>"; };
		C66A721B1F00D6E20076DB95 /* AppDelegate.h */ = {isa = PBXFileReference; lastKnownFileType = sourcecode.c.h; path = AppDelegate.h; sourceTree = "<group>"; };
		C66A721C1F00D6E20076DB95 /* AppDelegate.m */ = {isa = PBXFileReference; lastKnownFileType = sourcecode.c.objc; path = AppDelegate.m; sourceTree = "<group>"; };
		C66A721E1F00D6E20076DB95 /* ViewController.h */ = {isa = PBXFileReference; lastKnownFileType = sourcecode.c.h; path = ViewController.h; sourceTree = "<group>"; };
		C66A721F1F00D6E20076DB95 /* ViewController.m */ = {isa = PBXFileReference; lastKnownFileType = sourcecode.c.objc; path = ViewController.m; sourceTree = "<group>"; };
		C66A72221F00D6E20076DB95 /* Base */ = {isa = PBXFileReference; lastKnownFileType = file.storyboard; name = Base; path = Base.lproj/Main.storyboard; sourceTree = "<group>"; };
		C66A72241F00D6E20076DB95 /* Assets.xcassets */ = {isa = PBXFileReference; lastKnownFileType = folder.assetcatalog; path = Assets.xcassets; sourceTree = "<group>"; };
		C66A72271F00D6E30076DB95 /* Base */ = {isa = PBXFileReference; lastKnownFileType = file.storyboard; name = Base; path = Base.lproj/LaunchScreen.storyboard; sourceTree = "<group>"; };
		C66A72291F00D6E30076DB95 /* Info.plist */ = {isa = PBXFileReference; lastKnownFileType = text.plist.xml; path = Info.plist; sourceTree = "<group>"; };
		C66A72301F00D7200076DB95 /* UITextField+Utility.h */ = {isa = PBXFileReference; fileEncoding = 4; lastKnownFileType = sourcecode.c.h; path = "UITextField+Utility.h"; sourceTree = "<group>"; };
		C66A72311F00D7200076DB95 /* UITextField+Utility.m */ = {isa = PBXFileReference; fileEncoding = 4; lastKnownFileType = sourcecode.c.objc; path = "UITextField+Utility.m"; sourceTree = "<group>"; };
		C66A72321F00D7200076DB95 /* UIView+Utility.h */ = {isa = PBXFileReference; fileEncoding = 4; lastKnownFileType = sourcecode.c.h; path = "UIView+Utility.h"; sourceTree = "<group>"; };
		C66A72331F00D7200076DB95 /* UIView+Utility.m */ = {isa = PBXFileReference; fileEncoding = 4; lastKnownFileType = sourcecode.c.objc; path = "UIView+Utility.m"; sourceTree = "<group>"; };
		C66A72371F00D7660076DB95 /* UIPlaceHolderTextView.h */ = {isa = PBXFileReference; fileEncoding = 4; lastKnownFileType = sourcecode.c.h; path = UIPlaceHolderTextView.h; sourceTree = "<group>"; };
		C66A72381F00D7660076DB95 /* UIPlaceHolderTextView.m */ = {isa = PBXFileReference; fileEncoding = 4; lastKnownFileType = sourcecode.c.objc; path = UIPlaceHolderTextView.m; sourceTree = "<group>"; };
/* End PBXFileReference section */

/* Begin PBXFrameworksBuildPhase section */
		C66A72121F00D6E20076DB95 /* Frameworks */ = {
			isa = PBXFrameworksBuildPhase;
			buildActionMask = 2147483647;
			files = (
			);
			runOnlyForDeploymentPostprocessing = 0;
		};
/* End PBXFrameworksBuildPhase section */

/* Begin PBXGroup section */
		C66A720C1F00D6E10076DB95 = {
			isa = PBXGroup;
			children = (
				C66A72171F00D6E20076DB95 /* IBInspectableCategoryClassDemo */,
				C66A72161F00D6E20076DB95 /* Products */,
			);
			sourceTree = "<group>";
		};
		C66A72161F00D6E20076DB95 /* Products */ = {
			isa = PBXGroup;
			children = (
				C66A72151F00D6E20076DB95 /* IBInspectableCategoryClassDemo.app */,
			);
			name = Products;
			sourceTree = "<group>";
		};
		C66A72171F00D6E20076DB95 /* IBInspectableCategoryClassDemo */ = {
			isa = PBXGroup;
			children = (
				C66A72361F00D72B0076DB95 /* IBDesignableUITextViewClass */,
				C66A722F1F00D6FB0076DB95 /* IBInspectableCategoeyClass */,
				C66A721B1F00D6E20076DB95 /* AppDelegate.h */,
				C66A721C1F00D6E20076DB95 /* AppDelegate.m */,
				C66A721E1F00D6E20076DB95 /* ViewController.h */,
				C66A721F1F00D6E20076DB95 /* ViewController.m */,
				C66A72211F00D6E20076DB95 /* Main.storyboard */,
				C66A72241F00D6E20076DB95 /* Assets.xcassets */,
				C66A72261F00D6E30076DB95 /* LaunchScreen.storyboard */,
				C66A72291F00D6E30076DB95 /* Info.plist */,
				C66A72181F00D6E20076DB95 /* Supporting Files */,
			);
			path = IBInspectableCategoryClassDemo;
			sourceTree = "<group>";
		};
		C66A72181F00D6E20076DB95 /* Supporting Files */ = {
			isa = PBXGroup;
			children = (
				C66A72191F00D6E20076DB95 /* main.m */,
			);
			name = "Supporting Files";
			sourceTree = "<group>";
		};
		C66A722F1F00D6FB0076DB95 /* IBInspectableCategoeyClass */ = {
			isa = PBXGroup;
			children = (
				C66A72301F00D7200076DB95 /* UITextField+Utility.h */,
				C66A72311F00D7200076DB95 /* UITextField+Utility.m */,
				C66A72321F00D7200076DB95 /* UIView+Utility.h */,
				C66A72331F00D7200076DB95 /* UIView+Utility.m */,
			);
			name = IBInspectableCategoeyClass;
			sourceTree = "<group>";
		};
		C66A72361F00D72B0076DB95 /* IBDesignableUITextViewClass */ = {
			isa = PBXGroup;
			children = (
				C66A72371F00D7660076DB95 /* UIPlaceHolderTextView.h */,
				C66A72381F00D7660076DB95 /* UIPlaceHolderTextView.m */,
			);
			name = IBDesignableUITextViewClass;
			sourceTree = "<group>";
		};
/* End PBXGroup section */

/* Begin PBXNativeTarget section */
		C66A72141F00D6E20076DB95 /* IBInspectableCategoryClassDemo */ = {
			isa = PBXNativeTarget;
			buildConfigurationList = C66A722C1F00D6E30076DB95 /* Build configuration list for PBXNativeTarget "IBInspectableCategoryClassDemo" */;
			buildPhases = (
				C66A72111F00D6E20076DB95 /* Sources */,
				C66A72121F00D6E20076DB95 /* Frameworks */,
				C66A72131F00D6E20076DB95 /* Resources */,
			);
			buildRules = (
			);
			dependencies = (
			);
			name = IBInspectableCategoryClassDemo;
			productName = IBInspectableCategoryClassDemo;
			productReference = C66A72151F00D6E20076DB95 /* IBInspectableCategoryClassDemo.app */;
			productType = "com.apple.product-type.application";
		};
/* End PBXNativeTarget section */

/* Begin PBXProject section */
		C66A720D1F00D6E20076DB95 /* Project object */ = {
			isa = PBXProject;
			attributes = {
				LastUpgradeCheck = 0820;
				ORGANIZATIONNAME = datt;
				TargetAttributes = {
					C66A72141F00D6E20076DB95 = {
						CreatedOnToolsVersion = 8.2;
						ProvisioningStyle = Manual;
					};
				};
			};
			buildConfigurationList = C66A72101F00D6E20076DB95 /* Build configuration list for PBXProject "IBInspectableCategoryClassDemo" */;
			compatibilityVersion = "Xcode 3.2";
			developmentRegion = English;
			hasScannedForEncodings = 0;
			knownRegions = (
				en,
				Base,
			);
			mainGroup = C66A720C1F00D6E10076DB95;
			productRefGroup = C66A72161F00D6E20076DB95 /* Products */;
			projectDirPath = "";
			projectRoot = "";
			targets = (
				C66A72141F00D6E20076DB95 /* IBInspectableCategoryClassDemo */,
			);
		};
/* End PBXProject section */

/* Begin PBXResourcesBuildPhase section */
		C66A72131F00D6E20076DB95 /* Resources */ = {
			isa = PBXResourcesBuildPhase;
			buildActionMask = 2147483647;
			files = (
				C66A72281F00D6E30076DB95 /* LaunchScreen.storyboard in Resources */,
				C66A72251F00D6E20076DB95 /* Assets.xcassets in Resources */,
				C66A72231F00D6E20076DB95 /* Main.storyboard in Resources */,
			);
			runOnlyForDeploymentPostprocessing = 0;
		};
/* End PBXResourcesBuildPhase section */

/* Begin PBXSourcesBuildPhase section */
		C66A72111F00D6E20076DB95 /* Sources */ = {
			isa = PBXSourcesBuildPhase;
			buildActionMask = 2147483647;
			files = (
				C66A72201F00D6E20076DB95 /* ViewController.m in Sources */,
				C66A72391F00D7660076DB95 /* UIPlaceHolderTextView.m in Sources */,
				C66A721D1F00D6E20076DB95 /* AppDelegate.m in Sources */,
				C66A72351F00D7200076DB95 /* UIView+Utility.m in Sources */,
				C66A72341F00D7200076DB95 /* UITextField+Utility.m in Sources */,
				C66A721A1F00D6E20076DB95 /* main.m in Sources */,
			);
			runOnlyForDeploymentPostprocessing = 0;
		};
/* End PBXSourcesBuildPhase section */

/* Begin PBXVariantGroup section */
		C66A72211F00D6E20076DB95 /* Main.storyboard */ = {
			isa = PBXVariantGroup;
			children = (
				C66A72221F00D6E20076DB95 /* Base */,
			);
			name = Main.storyboard;
			sourceTree = "<group>";
		};
		C66A72261F00D6E30076DB95 /* LaunchScreen.storyboard */ = {
			isa = PBXVariantGroup;
			children = (
				C66A72271F00D6E30076DB95 /* Base */,
			);
			name = LaunchScreen.storyboard;
			sourceTree = "<group>";
		};
/* End PBXVariantGroup section */

/* Begin XCBuildConfiguration section */
		C66A722A1F00D6E30076DB95 /* Debug */ = {
			isa = XCBuildConfiguration;
			buildSettings = {
				ALWAYS_SEARCH_USER_PATHS = NO;
				CLANG_ANALYZER_NONNULL = YES;
				CLANG_CXX_LANGUAGE_STANDARD = "gnu++0x";
				CLANG_CXX_LIBRARY = "libc++";
				CLANG_ENABLE_MODULES = YES;
				CLANG_ENABLE_OBJC_ARC = YES;
				CLANG_WARN_BOOL_CONVERSION = YES;
				CLANG_WARN_CONSTANT_CONVERSION = YES;
				CLANG_WARN_DIRECT_OBJC_ISA_USAGE = YES_ERROR;
				CLANG_WARN_DOCUMENTATION_COMMENTS = YES;
				CLANG_WARN_EMPTY_BODY = YES;
				CLANG_WARN_ENUM_CONVERSION = YES;
				CLANG_WARN_INFINITE_RECURSION = YES;
				CLANG_WARN_INT_CONVERSION = YES;
				CLANG_WARN_OBJC_ROOT_CLASS = YES_ERROR;
				CLANG_WARN_SUSPICIOUS_MOVE = YES;
				CLANG_WARN_UNREACHABLE_CODE = YES;
				CLANG_WARN__DUPLICATE_METHOD_MATCH = YES;
				"CODE_SIGN_IDENTITY[sdk=iphoneos*]" = "iPhone Developer";
				COPY_PHASE_STRIP = NO;
				DEBUG_INFORMATION_FORMAT = dwarf;
				ENABLE_STRICT_OBJC_MSGSEND = YES;
				ENABLE_TESTABILITY = YES;
				GCC_C_LANGUAGE_STANDARD = gnu99;
				GCC_DYNAMIC_NO_PIC = NO;
				GCC_NO_COMMON_BLOCKS = YES;
				GCC_OPTIMIZATION_LEVEL = 0;
				GCC_PREPROCESSOR_DEFINITIONS = (
					"DEBUG=1",
					"$(inherited)",
				);
				GCC_WARN_64_TO_32_BIT_CONVERSION = YES;
				GCC_WARN_ABOUT_RETURN_TYPE = YES_ERROR;
				GCC_WARN_UNDECLARED_SELECTOR = YES;
				GCC_WARN_UNINITIALIZED_AUTOS = YES_AGGRESSIVE;
				GCC_WARN_UNUSED_FUNCTION = YES;
				GCC_WARN_UNUSED_VARIABLE = YES;
				IPHONEOS_DEPLOYMENT_TARGET = 10.2;
				MTL_ENABLE_DEBUG_INFO = YES;
				ONLY_ACTIVE_ARCH = YES;
				SDKROOT = iphoneos;
			};
			name = Debug;
		};
		C66A722B1F00D6E30076DB95 /* Release */ = {
			isa = XCBuildConfiguration;
			buildSettings = {
				ALWAYS_SEARCH_USER_PATHS = NO;
				CLANG_ANALYZER_NONNULL = YES;
				CLANG_CXX_LANGUAGE_STANDARD = "gnu++0x";
				CLANG_CXX_LIBRARY = "libc++";
				CLANG_ENABLE_MODULES = YES;
				CLANG_ENABLE_OBJC_ARC = YES;
				CLANG_WARN_BOOL_CONVERSION = YES;
				CLANG_WARN_CONSTANT_CONVERSION = YES;
				CLANG_WARN_DIRECT_OBJC_ISA_USAGE = YES_ERROR;
				CLANG_WARN_DOCUMENTATION_COMMENTS = YES;
				CLANG_WARN_EMPTY_BODY = YES;
				CLANG_WARN_ENUM_CONVERSION = YES;
				CLANG_WARN_INFINITE_RECURSION = YES;
				CLANG_WARN_INT_CONVERSION = YES;
				CLANG_WARN_OBJC_ROOT_CLASS = YES_ERROR;
				CLANG_WARN_SUSPICIOUS_MOVE = YES;
				CLANG_WARN_UNREACHABLE_CODE = YES;
				CLANG_WARN__DUPLICATE_METHOD_MATCH = YES;
				"CODE_SIGN_IDENTITY[sdk=iphoneos*]" = "iPhone Developer";
				COPY_PHASE_STRIP = NO;
				DEBUG_INFORMATION_FORMAT = "dwarf-with-dsym";
				ENABLE_NS_ASSERTIONS = NO;
				ENABLE_STRICT_OBJC_MSGSEND = YES;
				GCC_C_LANGUAGE_STANDARD = gnu99;
				GCC_NO_COMMON_BLOCKS = YES;
				GCC_WARN_64_TO_32_BIT_CONVERSION = YES;
				GCC_WARN_ABOUT_RETURN_TYPE = YES_ERROR;
				GCC_WARN_UNDECLARED_SELECTOR = YES;
				GCC_WARN_UNINITIALIZED_AUTOS = YES_AGGRESSIVE;
				GCC_WARN_UNUSED_FUNCTION = YES;
				GCC_WARN_UNUSED_VARIABLE = YES;
				IPHONEOS_DEPLOYMENT_TARGET = 10.2;
				MTL_ENABLE_DEBUG_INFO = NO;
				SDKROOT = iphoneos;
				VALIDATE_PRODUCT = YES;
			};
			name = Release;
		};
		C66A722D1F00D6E30076DB95 /* Debug */ = {
			isa = XCBuildConfiguration;
			buildSettings = {
				ASSETCATALOG_COMPILER_APPICON_NAME = AppIcon;
				DEVELOPMENT_TEAM = "";
				INFOPLIST_FILE = IBInspectableCategoryClassDemo/Info.plist;
				LD_RUNPATH_SEARCH_PATHS = "$(inherited) @executable_path/Frameworks";
				PRODUCT_BUNDLE_IDENTIFIER = com.datt.IBInspectableCategoryClassDemo;
				PRODUCT_NAME = "$(TARGET_NAME)";
			};
			name = Debug;
		};
		C66A722E1F00D6E30076DB95 /* Release */ = {
			isa = XCBuildConfiguration;
			buildSettings = {
				ASSETCATALOG_COMPILER_APPICON_NAME = AppIcon;
				DEVELOPMENT_TEAM = "";
				INFOPLIST_FILE = IBInspectableCategoryClassDemo/Info.plist;
				LD_RUNPATH_SEARCH_PATHS = "$(inherited) @executable_path/Frameworks";
				PRODUCT_BUNDLE_IDENTIFIER = com.datt.IBInspectableCategoryClassDemo;
				PRODUCT_NAME = "$(TARGET_NAME)";
			};
			name = Release;
		};
/* End XCBuildConfiguration section */

/* Begin XCConfigurationList section */
		C66A72101F00D6E20076DB95 /* Build configuration list for PBXProject "IBInspectableCategoryClassDemo" */ = {
			isa = XCConfigurationList;
			buildConfigurations = (
				C66A722A1F00D6E30076DB95 /* Debug */,
				C66A722B1F00D6E30076DB95 /* Release */,
			);
			defaultConfigurationIsVisible = 0;
			defaultConfigurationName = Release;
		};
		C66A722C1F00D6E30076DB95 /* Build configuration list for PBXNativeTarget "IBInspectableCategoryClassDemo" */ = {
			isa = XCConfigurationList;
			buildConfigurations = (
				C66A722D1F00D6E30076DB95 /* Debug */,
				C66A722E1F00D6E30076DB95 /* Release */,
			);
			defaultConfigurationIsVisible = 0;
		};
/* End XCConfigurationList section */
	};
	rootObject = C66A720D1F00D6E20076DB95 /* Project object */;
}
